
Microsoft Visual Studio Solution File, Format Version 12.00
# Visual Studio 15
VisualStudioVersion = 15.0.26206.0
MinimumVisualStudioVersion = 10.0.40219.1
Project("{FAE04EC0-301F-11D3-BF4B-00C04F79EFBC}") = "lab02", "lab02\lab02.csproj", "{FF540A87-1E46-48C0-8ECA-5BC4EAC5E0FA}"
EndProject
Global
	GlobalSection(SolutionConfigurationPlatforms) = preSolution
		Debug|Any CPU = Debug|Any CPU
		Release|Any CPU = Release|Any CPU
	EndGlobalSection
	GlobalSection(ProjectConfigurationPlatforms) = postSolution
		{FF540A87-1E46-48C0-8ECA-5BC4EAC5E0FA}.Debug|Any CPU.ActiveCfg = Debug|x86
		{FF540A87-1E46-48C0-8ECA-5BC4EAC5E0FA}.Release|Any CPU.ActiveCfg = Debug|x86
		{FF540A87-1E46-48C0-8ECA-5BC4EAC5E0FA}.Release|Any CPU.Build.0 = Debug|x86
	EndGlobalSection
	GlobalSection(SolutionProperties) = preSolution
		HideSolutionNode = FALSE
	EndGlobalSection
	GlobalSection(TeamFoundationVersionControl) = preSolution
		SccNumberOfProjects = 2
		SccEnterpriseProvider = {4CA58AB2-18FA-4F8D-95D4-32DDF27D184C}
		SccTeamFoundationServer = https://romanhubyak.visualstudio.com/
		SccLocalPath0 = .
		SccProjectUniqueName1 = lab02\\lab02.csproj
		SccProjectName1 = lab02
		SccLocalPath1 = lab02
	EndGlobalSection
EndGlobal
