
Microsoft Visual Studio Solution File, Format Version 12.00
# Visual Studio 15
VisualStudioVersion = 15.0.26403.7
MinimumVisualStudioVersion = 10.0.40219.1
Project("{A0786B88-2ADB-4C21-ABE8-AA2D79766269}") = "lab06", "lab06\lab06.phpproj", "{18AA776A-D94D-4A6E-8815-46958F01AB8E}"
EndProject
Global
	GlobalSection(SolutionConfigurationPlatforms) = preSolution
		Debug|Any CPU = Debug|Any CPU
		Release|Any CPU = Release|Any CPU
	EndGlobalSection
	GlobalSection(ProjectConfigurationPlatforms) = postSolution
		{18AA776A-D94D-4A6E-8815-46958F01AB8E}.Debug|Any CPU.ActiveCfg = Debug|Any CPU
		{18AA776A-D94D-4A6E-8815-46958F01AB8E}.Release|Any CPU.ActiveCfg = Release|Any CPU
	EndGlobalSection
	GlobalSection(SolutionProperties) = preSolution
		HideSolutionNode = FALSE
	EndGlobalSection
	GlobalSection(TeamFoundationVersionControl) = preSolution
		SccNumberOfProjects = 2
		SccEnterpriseProvider = {4CA58AB2-18FA-4F8D-95D4-32DDF27D184C}
		SccTeamFoundationServer = https://romanhubyak.visualstudio.com/
		SccLocalPath0 = .
		SccProjectUniqueName1 = lab06\\lab06.phpproj
		SccProjectName1 = lab06
		SccLocalPath1 = lab06
	EndGlobalSection
EndGlobal
